
Microsoft Visual Studio Solution File, Format Version 12.00
# Visual Studio Version 17
VisualStudioVersion = 17.11.35222.181
MinimumVisualStudioVersion = 10.0.40219.1
Project("{9A19103F-16F7-4668-BE54-9A1E7A4F7556}") = "FlipperParadiseAPI", "FlipperParadiseAPI\FlipperParadiseAPI.csproj", "{26B0B9F7-4CCD-4091-A4B0-77510337DC8E}"
EndProject
Project("{9A19103F-16F7-4668-BE54-9A1E7A4F7556}") = "SolanaTokenAnalyzer", "TokenAnalyzer\SolanaTokenAnalyzer.csproj", "{0BE1A67B-C84F-4CFA-AC45-95EB9B09A7CD}"
EndProject
Project("{FAE04EC0-301F-11D3-BF4B-00C04F79EFBC}") = "Models", "SolanaModels\Models.csproj", "{B8692AF5-9B03-4425-A369-6080B2D53206}"
EndProject
Global
	GlobalSection(SolutionConfigurationPlatforms) = preSolution
		Debug|Any CPU = Debug|Any CPU
		Release|Any CPU = Release|Any CPU
	EndGlobalSection
	GlobalSection(ProjectConfigurationPlatforms) = postSolution
		{26B0B9F7-4CCD-4091-A4B0-77510337DC8E}.Debug|Any CPU.ActiveCfg = Debug|Any CPU
		{26B0B9F7-4CCD-4091-A4B0-77510337DC8E}.Debug|Any CPU.Build.0 = Debug|Any CPU
		{26B0B9F7-4CCD-4091-A4B0-77510337DC8E}.Release|Any CPU.ActiveCfg = Release|Any CPU
		{26B0B9F7-4CCD-4091-A4B0-77510337DC8E}.Release|Any CPU.Build.0 = Release|Any CPU
		{0BE1A67B-C84F-4CFA-AC45-95EB9B09A7CD}.Debug|Any CPU.ActiveCfg = Debug|Any CPU
		{0BE1A67B-C84F-4CFA-AC45-95EB9B09A7CD}.Debug|Any CPU.Build.0 = Debug|Any CPU
		{0BE1A67B-C84F-4CFA-AC45-95EB9B09A7CD}.Release|Any CPU.ActiveCfg = Release|Any CPU
		{0BE1A67B-C84F-4CFA-AC45-95EB9B09A7CD}.Release|Any CPU.Build.0 = Release|Any CPU
		{B8692AF5-9B03-4425-A369-6080B2D53206}.Debug|Any CPU.ActiveCfg = Debug|Any CPU
		{B8692AF5-9B03-4425-A369-6080B2D53206}.Debug|Any CPU.Build.0 = Debug|Any CPU
		{B8692AF5-9B03-4425-A369-6080B2D53206}.Release|Any CPU.ActiveCfg = Release|Any CPU
		{B8692AF5-9B03-4425-A369-6080B2D53206}.Release|Any CPU.Build.0 = Release|Any CPU
	EndGlobalSection
	GlobalSection(SolutionProperties) = preSolution
		HideSolutionNode = FALSE
	EndGlobalSection
	GlobalSection(ExtensibilityGlobals) = postSolution
		SolutionGuid = {D62F2718-2C0F-4E1A-81A7-EB0E2159B2D9}
	EndGlobalSection
EndGlobal
